# THIS IS AN AUTOGENERATED FILE. DO NOT EDIT THIS FILE DIRECTLY.
# yarn lockfile v1


"@types/prop-types@*":
  version "15.7.3"
  resolved "https://registry.yarnpkg.com/@types/prop-types/-/prop-types-15.7.3.tgz#2ab0d5da2e5815f94b0b9d4b95d1e5f243ab2ca7"
  integrity sha512-KfRL3PuHmqQLOG+2tGpRO26Ctg+Cq1E01D2DMriKEATHgWLfeNDmq9e29Q9WIky0dQ3NPkd1mzYH8Lm936Z9qw==

"@types/react-dom@^17.0.7":
  version "17.0.7"
  resolved "https://registry.yarnpkg.com/@types/react-dom/-/react-dom-17.0.7.tgz#b8ee15ead9e5d6c2c858b44949fdf2ebe5212232"
  integrity sha512-Wd5xvZRlccOrCTej8jZkoFZuZRKHzanDDv1xglI33oBNFMWrqOSzrvWFw7ngSiZjrpJAzPKFtX7JvuXpkNmQHA==
  dependencies:
    "@types/react" "*"

"@types/react@*", "@types/react@^17.0.11":
  version "17.0.11"
  resolved "https://registry.yarnpkg.com/@types/react/-/react-17.0.11.tgz#67fcd0ddbf5a0b083a0f94e926c7d63f3b836451"
  integrity sha512-yFRQbD+whVonItSk7ZzP/L+gPTJVBkL/7shLEF+i9GC/1cV3JmUxEQz6+9ylhUpWSDuqo1N9qEvqS6vTj4USUA==
  dependencies:
    "@types/prop-types" "*"
    "@types/scheduler" "*"
    csstype "^3.0.2"

"@types/scheduler@*":
  version "0.16.1"
  resolved "https://registry.yarnpkg.com/@types/scheduler/-/scheduler-0.16.1.tgz#18845205e86ff0038517aab7a18a62a6b9f71275"
  integrity sha512-EaCxbanVeyxDRTQBkdLb3Bvl/HK7PBK6UJjsSixB0iHKoWxE5uu2Q/DgtpOhPIojN0Zl1whvOd7PoHs2P0s5eA==

almost-equal@^1.1.0:
  version "1.1.0"
  resolved "https://registry.yarnpkg.com/almost-equal/-/almost-equal-1.1.0.tgz#f851c631138757994276aa2efbe8dfa3066cccdd"
  integrity sha1-+FHGMROHV5lCdqou++jfowZszN0=

clamp@^1.0.1:
  version "1.0.1"
  resolved "https://registry.yarnpkg.com/clamp/-/clamp-1.0.1.tgz#66a0e64011816e37196828fdc8c8c147312c8634"
  integrity sha1-ZqDmQBGBbjcZaCj9yMjBRzEshjQ=

color-interpolate@^1.0.5:
  version "1.0.5"
  resolved "https://registry.yarnpkg.com/color-interpolate/-/color-interpolate-1.0.5.tgz#d5710ce4244bd8b9feeda003f409edd4073b6217"
  integrity sha512-EcWwYtBJdbeHyYq/y5QwVWLBUm4s7+8K37ycgO9OdY6YuAEa0ywAY+ItlAxE1UO5bXW4ugxNhStTV3rsTZ35ZA==
  dependencies:
    clamp "^1.0.1"
    color-parse "^1.2.0"
    color-space "^1.14.3"
    lerp "^1.0.3"

color-name@^1.0.0:
  version "1.1.4"
  resolved "https://registry.yarnpkg.com/color-name/-/color-name-1.1.4.tgz#c2a09a87acbde69543de6f63fa3995c826c536a2"
  integrity sha512-dOy+3AuW3a2wNbZHIuMZpTcgjGuLU/uBL/ubcZF9OXbDo8ff4O8yVp5Bf0efS8uEoYo5q4Fx7dY9OgQGXgAsQA==

color-parse@^1.2.0:
  version "1.4.2"
  resolved "https://registry.yarnpkg.com/color-parse/-/color-parse-1.4.2.tgz#78651f5d34df1a57f997643d86f7f87268ad4eb5"
  integrity sha512-RI7s49/8yqDj3fECFZjUI1Yi0z/Gq1py43oNJivAIIDSyJiOZLfYCRQEgn8HEVAj++PcRe8AnL2XF0fRJ3BTnA==
  dependencies:
    color-name "^1.0.0"

color-space@^1.14.3:
  version "1.16.0"
  resolved "https://registry.yarnpkg.com/color-space/-/color-space-1.16.0.tgz#611781bca41cd8582a1466fd9e28a7d3d89772a2"
  integrity sha512-A6WMiFzunQ8KEPFmj02OnnoUnqhmSaHaZ/0LVFcPTdlvm8+3aMJ5x1HRHy3bDHPkovkf4sS0f4wsVvwk71fKkg==
  dependencies:
    hsluv "^0.0.3"
    mumath "^3.3.4"

csstype@^3.0.2:
  version "3.0.8"
  resolved "https://registry.yarnpkg.com/csstype/-/csstype-3.0.8.tgz#d2266a792729fb227cd216fb572f43728e1ad340"
  integrity sha512-jXKhWqXPmlUeoQnF/EhTtTl4C9SnrxSH/jZUih3jmO6lBKr99rP3/+FmrMj4EFpOXzMtXHAZkd3x0E6h6Fgflw==

hsluv@^0.0.3:
  version "0.0.3"
  resolved "https://registry.yarnpkg.com/hsluv/-/hsluv-0.0.3.tgz#829107dafb4a9f8b52a1809ed02e091eade6754c"
  integrity sha1-gpEH2vtKn4tSoYCe0C4JHq3mdUw=

lerp@^1.0.3:
  version "1.0.3"
  resolved "https://registry.yarnpkg.com/lerp/-/lerp-1.0.3.tgz#a18c8968f917896de15ccfcc28d55a6b731e776e"
  integrity sha1-oYyJaPkXiW3hXM/MKNVaa3Med24=

mumath@^3.3.4:
  version "3.3.4"
  resolved "https://registry.yarnpkg.com/mumath/-/mumath-3.3.4.tgz#48d4a0f0fd8cad4e7b32096ee89b161a63d30bbf"
  integrity sha1-SNSg8P2MrU57Mglu6JsWGmPTC78=
  dependencies:
    almost-equal "^1.1.0"

typescript@^4.3.2:
  version "4.3.2"
  resolved "https://registry.yarnpkg.com/typescript/-/typescript-4.3.2.tgz#399ab18aac45802d6f2498de5054fcbbe716a805"
  integrity sha512-zZ4hShnmnoVnAHpVHWpTcxdv7dWP60S2FsydQLV8V5PbS3FifjWFFRiHSWpDJahly88PRyV5teTSLoq4eG7mKw==
